
Microsoft Visual Studio Solution File, Format Version 12.00
# Visual Studio Version 17
VisualStudioVersion = 17.3.32929.385
MinimumVisualStudioVersion = 10.0.40219.1
Project("{FAE04EC0-301F-11D3-BF4B-00C04F79EFBC}") = "IntroToGitHub1", "IntroToGitHub1\IntroToGitHub1.csproj", "{2B692606-29D6-4ACF-979A-10017578DB8F}"
EndProject
Global
	GlobalSection(SolutionConfigurationPlatforms) = preSolution
		Debug|Any CPU = Debug|Any CPU
		Release|Any CPU = Release|Any CPU
	EndGlobalSection
	GlobalSection(ProjectConfigurationPlatforms) = postSolution
		{2B692606-29D6-4ACF-979A-10017578DB8F}.Debug|Any CPU.ActiveCfg = Debug|Any CPU
		{2B692606-29D6-4ACF-979A-10017578DB8F}.Debug|Any CPU.Build.0 = Debug|Any CPU
		{2B692606-29D6-4ACF-979A-10017578DB8F}.Release|Any CPU.ActiveCfg = Release|Any CPU
		{2B692606-29D6-4ACF-979A-10017578DB8F}.Release|Any CPU.Build.0 = Release|Any CPU
	EndGlobalSection
	GlobalSection(SolutionProperties) = preSolution
		HideSolutionNode = FALSE
	EndGlobalSection
	GlobalSection(ExtensibilityGlobals) = postSolution
		SolutionGuid = {C4C653F5-DA5E-4C55-ABF3-F21250CAF7C1}
	EndGlobalSection
EndGlobal
